{
  "name": "@lancejpollard/generate-javascript-from-link-deck.js",
  "version": "0.0.1",
  "lockfileVersion": 2,
  "requires": true,
  "packages": {
    "": {
      "name": "@lancejpollard/generate-javascript-from-link-deck.js",
      "version": "0.0.1",
      "dependencies": {
        "@lancejpollard/load-link-deck.js": "*",
        "@lancejpollard/normalize-ast.js": "*",
        "lodash": "^4.17.21",
        "to-case": "^2.0.0"
      }
    },
    "../link-parser.js": {
      "name": "@lancejpollard/link-parser.js",
      "version": "0.0.1",
      "extraneous": true
    },
    "../load-link-deck.js": {
      "name": "@lancejpollard/load-link-deck.js",
      "version": "0.0.1",
      "dependencies": {
        "@lancejpollard/primitive-link-object-builder.js": "*"
      }
    },
    "../load-link-deck.js/node_modules/@lancejpollard/primitive-link-object-builder.js": {
      "resolved": "../primitive-link-object-builder.js",
      "link": true
    },
    "../normalize-ast.js": {
      "name": "@lancejpollard/normalize-ast.js",
      "version": "0.0.3",
      "dependencies": {
        "acorn": "^8.5.0"
      }
    },
    "../normalize-ast.js/node_modules/acorn": {
      "version": "8.5.0",
      "integrity": "sha512-yXbYeFy+jUuYd3/CDcg2NkIYE991XYX/bje7LmjJigUciaeO1JR4XxXgCIV1/Zc/dRuFEyw1L0pbA+qynJkW5Q==",
      "bin": {
        "acorn": "bin/acorn"
      },
      "engines": {
        "node": ">=0.4.0"
      }
    },
    "../primitive-link-object-builder.js": {
      "name": "@lancejpollard/primitive-link-object-builder.js",
      "version": "0.0.1",
      "dependencies": {
        "@lancejpollard/link-parser.js": "^0.0.1"
      }
    },
    "../primitive-link-object-builder.js/node_modules/@lancejpollard/link-parser.js": {
      "version": "0.0.1",
      "integrity": "sha512-zb6sHBAwCmumwbgIOQIs6u5tBuy6U6YYI/R3tKNjgYhWqEGX5gQbk40wSfbJJYl7j+b04iAppiw7T1M/I4wF9A=="
    },
    "node_modules/@lancejpollard/load-link-deck.js": {
      "resolved": "../load-link-deck.js",
      "link": true
    },
    "node_modules/@lancejpollard/normalize-ast.js": {
      "resolved": "../normalize-ast.js",
      "link": true
    },
    "node_modules/escape-regexp-component": {
      "version": "1.0.2",
      "resolved": "https://registry.npmjs.org/escape-regexp-component/-/escape-regexp-component-1.0.2.tgz",
      "integrity": "sha1-nGO20LJf8qiMOtvRjFthrMO5+qI="
    },
    "node_modules/lodash": {
      "version": "4.17.21",
      "resolved": "https://registry.npmjs.org/lodash/-/lodash-4.17.21.tgz",
      "integrity": "sha512-v2kDEe57lecTulaDIuNTPy3Ry4gLGJ6Z1O3vE1krgXZNrsQ+LFTGHVxVjcXPs17LhbZVGedAJv8XZ1tvj5FvSg=="
    },
    "node_modules/title-case-minors": {
      "version": "1.0.0",
      "resolved": "https://registry.npmjs.org/title-case-minors/-/title-case-minors-1.0.0.tgz",
      "integrity": "sha1-UfFwN8KUdHodHNpCS1AEyG2OsRU="
    },
    "node_modules/to-camel-case": {
      "version": "1.0.0",
      "resolved": "https://registry.npmjs.org/to-camel-case/-/to-camel-case-1.0.0.tgz",
      "integrity": "sha1-GlYFSy+daWKYzmamCJcyK29CPkY=",
      "dependencies": {
        "to-space-case": "^1.0.0"
      }
    },
    "node_modules/to-capital-case": {
      "version": "1.0.0",
      "resolved": "https://registry.npmjs.org/to-capital-case/-/to-capital-case-1.0.0.tgz",
      "integrity": "sha1-pXxQFP1aNyF88FCZ/4pCG7+cm38=",
      "dependencies": {
        "to-space-case": "^1.0.0"
      }
    },
    "node_modules/to-case": {
      "version": "2.0.0",
      "resolved": "https://registry.npmjs.org/to-case/-/to-case-2.0.0.tgz",
      "integrity": "sha1-aQHtkM2/rb96FtBol7+0Evo8Dwo=",
      "dependencies": {
        "to-camel-case": "^1.0.0",
        "to-capital-case": "^1.0.0",
        "to-constant-case": "^1.0.0",
        "to-dot-case": "^1.0.0",
        "to-no-case": "^1.0.0",
        "to-pascal-case": "^1.0.0",
        "to-sentence-case": "^1.0.0",
        "to-slug-case": "^1.0.0",
        "to-snake-case": "^1.0.0",
        "to-space-case": "^1.0.0",
        "to-title-case": "^1.0.0"
      }
    },
    "node_modules/to-constant-case": {
      "version": "1.0.0",
      "resolved": "https://registry.npmjs.org/to-constant-case/-/to-constant-case-1.0.0.tgz",
      "integrity": "sha1-Y/UnKbAOhRiL5+DjYXieXquqCBs=",
      "dependencies": {
        "to-snake-case": "^1.0.0"
      }
    },
    "node_modules/to-dot-case": {
      "version": "1.0.0",
      "resolved": "https://registry.npmjs.org/to-dot-case/-/to-dot-case-1.0.0.tgz",
      "integrity": "sha1-5ojxGjybpRHqwN0PASyVzJMW7Ds=",
      "dependencies": {
        "to-space-case": "^1.0.0"
      }
    },
    "node_modules/to-no-case": {
      "version": "1.0.2",
      "resolved": "https://registry.npmjs.org/to-no-case/-/to-no-case-1.0.2.tgz",
      "integrity": "sha1-xyKQcWTvaxeBMsjmmTAhLRtKoWo="
    },
    "node_modules/to-pascal-case": {
      "version": "1.0.0",
      "resolved": "https://registry.npmjs.org/to-pascal-case/-/to-pascal-case-1.0.0.tgz",
      "integrity": "sha1-C73I30SIhroBU15UMycEjQqhzng=",
      "dependencies": {
        "to-space-case": "^1.0.0"
      }
    },
    "node_modules/to-sentence-case": {
      "version": "1.0.0",
      "resolved": "https://registry.npmjs.org/to-sentence-case/-/to-sentence-case-1.0.0.tgz",
      "integrity": "sha1-xIO/NkdzflxzjvcAb+Ng1fmcVy4=",
      "dependencies": {
        "to-no-case": "^1.0.0"
      }
    },
    "node_modules/to-slug-case": {
      "version": "1.0.0",
      "resolved": "https://registry.npmjs.org/to-slug-case/-/to-slug-case-1.0.0.tgz",
      "integrity": "sha1-kqzeU0cQVaM8gwcZ6Ot4OHIG2BM=",
      "dependencies": {
        "to-space-case": "^1.0.0"
      }
    },
    "node_modules/to-snake-case": {
      "version": "1.0.0",
      "resolved": "https://registry.npmjs.org/to-snake-case/-/to-snake-case-1.0.0.tgz",
      "integrity": "sha1-znRpE4l5RgGah+Yu366upMYIq4w=",
      "dependencies": {
        "to-space-case": "^1.0.0"
      }
    },
    "node_modules/to-space-case": {
      "version": "1.0.0",
      "resolved": "https://registry.npmjs.org/to-space-case/-/to-space-case-1.0.0.tgz",
      "integrity": "sha1-sFLar7Gysp3HcM6gFj5ewOvJ/Bc=",
      "dependencies": {
        "to-no-case": "^1.0.0"
      }
    },
    "node_modules/to-title-case": {
      "version": "1.0.0",
      "resolved": "https://registry.npmjs.org/to-title-case/-/to-title-case-1.0.0.tgz",
      "integrity": "sha1-rKiPidYGTeUBCKl86g20SCfoAGE=",
      "dependencies": {
        "escape-regexp-component": "^1.0.2",
        "title-case-minors": "^1.0.0",
        "to-capital-case": "^1.0.0",
        "to-sentence-case": "^1.0.0"
      }
    }
  },
  "dependencies": {
    "@lancejpollard/load-link-deck.js": {
      "version": "file:../load-link-deck.js",
      "requires": {
        "@lancejpollard/primitive-link-object-builder.js": "*"
      },
      "dependencies": {
        "@lancejpollard/primitive-link-object-builder.js": {
          "version": "file:../primitive-link-object-builder.js",
          "requires": {
            "@lancejpollard/link-parser.js": "^0.0.1"
          },
          "dependencies": {
            "@lancejpollard/link-parser.js": {
              "version": "0.0.1",
              "integrity": "sha512-zb6sHBAwCmumwbgIOQIs6u5tBuy6U6YYI/R3tKNjgYhWqEGX5gQbk40wSfbJJYl7j+b04iAppiw7T1M/I4wF9A=="
            }
          }
        }
      }
    },
    "@lancejpollard/normalize-ast.js": {
      "version": "file:../normalize-ast.js",
      "requires": {
        "acorn": "^8.5.0"
      },
      "dependencies": {
        "acorn": {
          "version": "8.5.0",
          "integrity": "sha512-yXbYeFy+jUuYd3/CDcg2NkIYE991XYX/bje7LmjJigUciaeO1JR4XxXgCIV1/Zc/dRuFEyw1L0pbA+qynJkW5Q=="
        }
      }
    },
    "escape-regexp-component": {
      "version": "1.0.2",
      "resolved": "https://registry.npmjs.org/escape-regexp-component/-/escape-regexp-component-1.0.2.tgz",
      "integrity": "sha1-nGO20LJf8qiMOtvRjFthrMO5+qI="
    },
    "lodash": {
      "version": "4.17.21",
      "resolved": "https://registry.npmjs.org/lodash/-/lodash-4.17.21.tgz",
      "integrity": "sha512-v2kDEe57lecTulaDIuNTPy3Ry4gLGJ6Z1O3vE1krgXZNrsQ+LFTGHVxVjcXPs17LhbZVGedAJv8XZ1tvj5FvSg=="
    },
    "title-case-minors": {
      "version": "1.0.0",
      "resolved": "https://registry.npmjs.org/title-case-minors/-/title-case-minors-1.0.0.tgz",
      "integrity": "sha1-UfFwN8KUdHodHNpCS1AEyG2OsRU="
    },
    "to-camel-case": {
      "version": "1.0.0",
      "resolved": "https://registry.npmjs.org/to-camel-case/-/to-camel-case-1.0.0.tgz",
      "integrity": "sha1-GlYFSy+daWKYzmamCJcyK29CPkY=",
      "requires": {
        "to-space-case": "^1.0.0"
      }
    },
    "to-capital-case": {
      "version": "1.0.0",
      "resolved": "https://registry.npmjs.org/to-capital-case/-/to-capital-case-1.0.0.tgz",
      "integrity": "sha1-pXxQFP1aNyF88FCZ/4pCG7+cm38=",
      "requires": {
        "to-space-case": "^1.0.0"
      }
    },
    "to-case": {
      "version": "2.0.0",
      "resolved": "https://registry.npmjs.org/to-case/-/to-case-2.0.0.tgz",
      "integrity": "sha1-aQHtkM2/rb96FtBol7+0Evo8Dwo=",
      "requires": {
        "to-camel-case": "^1.0.0",
        "to-capital-case": "^1.0.0",
        "to-constant-case": "^1.0.0",
        "to-dot-case": "^1.0.0",
        "to-no-case": "^1.0.0",
        "to-pascal-case": "^1.0.0",
        "to-sentence-case": "^1.0.0",
        "to-slug-case": "^1.0.0",
        "to-snake-case": "^1.0.0",
        "to-space-case": "^1.0.0",
        "to-title-case": "^1.0.0"
      }
    },
    "to-constant-case": {
      "version": "1.0.0",
      "resolved": "https://registry.npmjs.org/to-constant-case/-/to-constant-case-1.0.0.tgz",
      "integrity": "sha1-Y/UnKbAOhRiL5+DjYXieXquqCBs=",
      "requires": {
        "to-snake-case": "^1.0.0"
      }
    },
    "to-dot-case": {
      "version": "1.0.0",
      "resolved": "https://registry.npmjs.org/to-dot-case/-/to-dot-case-1.0.0.tgz",
      "integrity": "sha1-5ojxGjybpRHqwN0PASyVzJMW7Ds=",
      "requires": {
        "to-space-case": "^1.0.0"
      }
    },
    "to-no-case": {
      "version": "1.0.2",
      "resolved": "https://registry.npmjs.org/to-no-case/-/to-no-case-1.0.2.tgz",
      "integrity": "sha1-xyKQcWTvaxeBMsjmmTAhLRtKoWo="
    },
    "to-pascal-case": {
      "version": "1.0.0",
      "resolved": "https://registry.npmjs.org/to-pascal-case/-/to-pascal-case-1.0.0.tgz",
      "integrity": "sha1-C73I30SIhroBU15UMycEjQqhzng=",
      "requires": {
        "to-space-case": "^1.0.0"
      }
    },
    "to-sentence-case": {
      "version": "1.0.0",
      "resolved": "https://registry.npmjs.org/to-sentence-case/-/to-sentence-case-1.0.0.tgz",
      "integrity": "sha1-xIO/NkdzflxzjvcAb+Ng1fmcVy4=",
      "requires": {
        "to-no-case": "^1.0.0"
      }
    },
    "to-slug-case": {
      "version": "1.0.0",
      "resolved": "https://registry.npmjs.org/to-slug-case/-/to-slug-case-1.0.0.tgz",
      "integrity": "sha1-kqzeU0cQVaM8gwcZ6Ot4OHIG2BM=",
      "requires": {
        "to-space-case": "^1.0.0"
      }
    },
    "to-snake-case": {
      "version": "1.0.0",
      "resolved": "https://registry.npmjs.org/to-snake-case/-/to-snake-case-1.0.0.tgz",
      "integrity": "sha1-znRpE4l5RgGah+Yu366upMYIq4w=",
      "requires": {
        "to-space-case": "^1.0.0"
      }
    },
    "to-space-case": {
      "version": "1.0.0",
      "resolved": "https://registry.npmjs.org/to-space-case/-/to-space-case-1.0.0.tgz",
      "integrity": "sha1-sFLar7Gysp3HcM6gFj5ewOvJ/Bc=",
      "requires": {
        "to-no-case": "^1.0.0"
      }
    },
    "to-title-case": {
      "version": "1.0.0",
      "resolved": "https://registry.npmjs.org/to-title-case/-/to-title-case-1.0.0.tgz",
      "integrity": "sha1-rKiPidYGTeUBCKl86g20SCfoAGE=",
      "requires": {
        "escape-regexp-component": "^1.0.2",
        "title-case-minors": "^1.0.0",
        "to-capital-case": "^1.0.0",
        "to-sentence-case": "^1.0.0"
      }
    }
  }
}
